
Microsoft Visual Studio Solution File, Format Version 12.00
# Visual Studio 15
VisualStudioVersion = 15.0.28307.421
MinimumVisualStudioVersion = 10.0.40219.1
Project("{FAE04EC0-301F-11D3-BF4B-00C04F79EFBC}") = "Estacionamento", "WindowsFormsApp1\Estacionamento.csproj", "{BEEBAD58-F7C6-4BE0-AEBE-F4A1F7BF9413}"
EndProject
Project("{FAE04EC0-301F-11D3-BF4B-00C04F79EFBC}") = "EstacionamentoTests", "EstacionamentoTests\EstacionamentoTests.csproj", "{46CDAB70-1710-458E-9D1B-073B21595350}"
EndProject
Global
	GlobalSection(SolutionConfigurationPlatforms) = preSolution
		Debug|Any CPU = Debug|Any CPU
		Release|Any CPU = Release|Any CPU
	EndGlobalSection
	GlobalSection(ProjectConfigurationPlatforms) = postSolution
		{BEEBAD58-F7C6-4BE0-AEBE-F4A1F7BF9413}.Debug|Any CPU.ActiveCfg = Debug|Any CPU
		{BEEBAD58-F7C6-4BE0-AEBE-F4A1F7BF9413}.Debug|Any CPU.Build.0 = Debug|Any CPU
		{BEEBAD58-F7C6-4BE0-AEBE-F4A1F7BF9413}.Release|Any CPU.ActiveCfg = Release|Any CPU
		{BEEBAD58-F7C6-4BE0-AEBE-F4A1F7BF9413}.Release|Any CPU.Build.0 = Release|Any CPU
		{46CDAB70-1710-458E-9D1B-073B21595350}.Debug|Any CPU.ActiveCfg = Debug|Any CPU
		{46CDAB70-1710-458E-9D1B-073B21595350}.Debug|Any CPU.Build.0 = Debug|Any CPU
		{46CDAB70-1710-458E-9D1B-073B21595350}.Release|Any CPU.ActiveCfg = Release|Any CPU
		{46CDAB70-1710-458E-9D1B-073B21595350}.Release|Any CPU.Build.0 = Release|Any CPU
	EndGlobalSection
	GlobalSection(SolutionProperties) = preSolution
		HideSolutionNode = FALSE
	EndGlobalSection
	GlobalSection(ExtensibilityGlobals) = postSolution
		SolutionGuid = {884F9BFA-7B8A-4AD1-9304-F4E3D6FC1853}
	EndGlobalSection
EndGlobal
